<?xml version="1.0" encoding="utf-8"?>
<Project ToolsVersion="4.0" xmlns="http://schemas.microsoft.com/developer/msbuild/2003">
  <ItemGroup>
    <Filter Include="Resource Files">
      <UniqueIdentifier>{67DA6AB6-F800-4c08-8B7A-83BB121AAD01}</UniqueIdentifier>
      <Extensions>rc;ico;cur;bmp;dlg;rc2;rct;bin;rgs;gif;jpg;jpeg;jpe;resx;tiff;tif;png;wav;mfcribbon-ms</Extensions>
    </Filter>
    <Filter Include="Third Party">
      <UniqueIdentifier>{1b5367a1-6d76-407d-9fbd-5df1a2a431e4}</UniqueIdentifier>
    </Filter>
    <Filter Include="Shaders">
      <UniqueIdentifier>{34f75707-4119-4f22-8311-879b83808823}</UniqueIdentifier>
    </Filter>
    <Filter Include="Shaders\Materials &amp; Sampling">
      <UniqueIdentifier>{b7f833cd-19ed-4ebc-832a-fcc44ce684f4}</UniqueIdentifier>
    </Filter>
    <Filter Include="Shaders\Filtering, post-processing, presentation">
      <UniqueIdentifier>{1f7f1d81-be44-4b49-8ef3-ce5981192a21}</UniqueIdentifier>
    </Filter>
    <Filter Include="C++">
      <UniqueIdentifier>{0edcccd9-5e0a-4a96-bc7f-77cc6bf9b24f}</UniqueIdentifier>
    </Filter>
    <Filter Include="C++\Source Files">
      <UniqueIdentifier>{4FC737F1-C7A5-4376-A066-2A32D752A2FF}</UniqueIdentifier>
      <Extensions>cpp;c;cc;cxx;def;odl;idl;hpj;bat;asm;asmx</Extensions>
    </Filter>
    <Filter Include="C++\Header Files">
      <UniqueIdentifier>{93995380-89BD-4b04-88EB-625FBE52EBFB}</UniqueIdentifier>
      <Extensions>h;hh;hpp;hxx;hm;inl;inc;xsd</Extensions>
    </Filter>
    <Filter Include="Shaders\Dispatch scaling">
      <UniqueIdentifier>{e9ef92d1-4ea7-4459-ae27-9d205231b693}</UniqueIdentifier>
    </Filter>
    <Filter Include="Shaders\Render Tiling">
      <UniqueIdentifier>{ae778b17-2bbb-4910-bf35-a7f04b2bd33c}</UniqueIdentifier>
    </Filter>
  </ItemGroup>
  <ItemGroup>
    <ClInclude Include="targetver.h">
      <Filter>C++\Header Files</Filter>
    </ClInclude>
    <ClInclude Include="AthruTexture2D.h">
      <Filter>C++\Header Files</Filter>
    </ClInclude>
    <ClInclude Include="Camera.h">
      <Filter>C++\Header Files</Filter>
    </ClInclude>
    <ClInclude Include="Direct3D.h">
      <Filter>C++\Header Files</Filter>
    </ClInclude>
    <ClInclude Include="Mesh.h">
      <Filter>C++\Header Files</Filter>
    </ClInclude>
    <ClInclude Include="PlanarUnwrapper.h">
      <Filter>C++\Header Files</Filter>
    </ClInclude>
    <ClInclude Include="PostVertex.h">
      <Filter>C++\Header Files</Filter>
    </ClInclude>
    <ClInclude Include="SceneVertex.h">
      <Filter>C++\Header Files</Filter>
    </ClInclude>
    <ClInclude Include="PipelineShader.h">
      <Filter>C++\Header Files</Filter>
    </ClInclude>
    <ClInclude Include="ComputeShader.h">
      <Filter>C++\Header Files</Filter>
    </ClInclude>
    <ClInclude Include="GPUServiceCentre.h">
      <Filter>C++\Header Files</Filter>
    </ClInclude>
    <ClInclude Include="SceneFigure.h">
      <Filter>C++\Header Files</Filter>
    </ClInclude>
    <ClInclude Include="GPURand.h">
      <Filter>C++\Header Files</Filter>
    </ClInclude>
    <ClInclude Include="ScreenPainter.h">
      <Filter>C++\Header Files</Filter>
    </ClInclude>
    <ClInclude Include="GPUMessenger.h">
      <Filter>C++\Header Files</Filter>
    </ClInclude>
    <ClInclude Include="GPUUpdateManager.h">
      <Filter>C++\Header Files</Filter>
    </ClInclude>
    <ClInclude Include="UpdateShader.h">
      <Filter>C++\Header Files</Filter>
    </ClInclude>
    <ClInclude Include="PixHistory.h">
      <Filter>C++\Header Files</Filter>
    </ClInclude>
    <ClInclude Include="Renderer.h">
      <Filter>C++\Header Files</Filter>
    </ClInclude>
    <ClInclude Include="ViewFinder.h">
      <Filter>C++\Header Files</Filter>
    </ClInclude>
    <ClInclude Include="AthruRect.h">
      <Filter>C++\Header Files</Filter>
    </ClInclude>
    <ClInclude Include="FigureRaster.h">
      <Filter>C++\Header Files</Filter>
    </ClInclude>
    <ClInclude Include="PhiloStrm.h">
      <Filter>C++\Header Files</Filter>
    </ClInclude>
    <ClInclude Include="GPUGlobals.h">
      <Filter>C++\Header Files</Filter>
    </ClInclude>
    <ClInclude Include="LiBounce.h">
      <Filter>C++\Header Files</Filter>
    </ClInclude>
    <ClInclude Include="GPUMemory.h">
      <Filter>C++\Header Files</Filter>
    </ClInclude>
    <ClInclude Include="AthruResrc.h">
      <Filter>C++\Header Files</Filter>
    </ClInclude>
  </ItemGroup>
  <ItemGroup>
    <ClCompile Include="Camera.cpp">
      <Filter>C++\Source Files</Filter>
    </ClCompile>
    <ClCompile Include="Direct3D.cpp">
      <Filter>C++\Source Files</Filter>
    </ClCompile>
    <ClCompile Include="PipelineShader.cpp">
      <Filter>C++\Source Files</Filter>
    </ClCompile>
    <ClCompile Include="ComputeShader.cpp">
      <Filter>C++\Source Files</Filter>
    </ClCompile>
    <ClCompile Include="GPUServiceCentre.cpp">
      <Filter>C++\Source Files</Filter>
    </ClCompile>
    <ClCompile Include="SceneFigure.cpp">
      <Filter>C++\Source Files</Filter>
    </ClCompile>
    <ClCompile Include="GPURand.cpp">
      <Filter>C++\Source Files</Filter>
    </ClCompile>
    <ClCompile Include="ScreenVertex.cpp">
      <Filter>C++\Source Files</Filter>
    </ClCompile>
    <ClCompile Include="ScreenPainter.cpp">
      <Filter>C++\Source Files</Filter>
    </ClCompile>
    <ClCompile Include="GPUMessenger.cpp">
      <Filter>C++\Source Files</Filter>
    </ClCompile>
    <ClCompile Include="GPUUpdateManager.cpp">
      <Filter>C++\Source Files</Filter>
    </ClCompile>
    <ClCompile Include="UpdateShader.cpp">
      <Filter>C++\Source Files</Filter>
    </ClCompile>
    <ClCompile Include="Renderer.cpp">
      <Filter>C++\Source Files</Filter>
    </ClCompile>
    <ClCompile Include="ViewFinder.cpp">
      <Filter>C++\Source Files</Filter>
    </ClCompile>
    <ClCompile Include="FigureRaster.cpp">
      <Filter>C++\Source Files</Filter>
    </ClCompile>
    <ClCompile Include="GPUMemory.cpp">
      <Filter>C++\Source Files</Filter>
    </ClCompile>
  </ItemGroup>
  <ItemGroup>
    <FxCompile Include="PresentationColors.hlsl">
      <Filter>Shaders\Filtering, post-processing, presentation</Filter>
    </FxCompile>
    <FxCompile Include="PresentationVerts.hlsl">
      <Filter>Shaders\Filtering, post-processing, presentation</Filter>
    </FxCompile>
    <FxCompile Include="RasterPrep.hlsl">
      <Filter>Shaders\Filtering, post-processing, presentation</Filter>
    </FxCompile>
    <FxCompile Include="DiffuSampler.hlsl">
      <Filter>Shaders\Materials &amp; Sampling</Filter>
    </FxCompile>
    <FxCompile Include="FurrySampler.hlsl">
      <Filter>Shaders\Materials &amp; Sampling</Filter>
    </FxCompile>
    <FxCompile Include="RefraSampler.hlsl">
      <Filter>Shaders\Materials &amp; Sampling</Filter>
    </FxCompile>
    <FxCompile Include="SnowwSampler.hlsl">
      <Filter>Shaders\Materials &amp; Sampling</Filter>
    </FxCompile>
    <FxCompile Include="SsurfSampler.hlsl">
      <Filter>Shaders\Materials &amp; Sampling</Filter>
    </FxCompile>
    <FxCompile Include="MirroSampler.hlsl">
      <Filter>Shaders\Materials &amp; Sampling</Filter>
    </FxCompile>
    <FxCompile Include="LensSampler.hlsl">
      <Filter>Shaders\Materials &amp; Sampling</Filter>
    </FxCompile>
    <FxCompile Include="BouncePrep.hlsl">
      <Filter>Shaders</Filter>
    </FxCompile>
    <FxCompile Include="PlanetRaster.hlsl">
      <Filter>Shaders</Filter>
    </FxCompile>
    <FxCompile Include="RayMarch.hlsl">
      <Filter>Shaders</Filter>
    </FxCompile>
    <FxCompile Include="dispScale128.hlsl">
      <Filter>Shaders\Dispatch scaling</Filter>
    </FxCompile>
    <FxCompile Include="dispScale256.hlsl">
      <Filter>Shaders\Dispatch scaling</Filter>
    </FxCompile>
    <FxCompile Include="dispScale512.hlsl">
      <Filter>Shaders\Dispatch scaling</Filter>
    </FxCompile>
  </ItemGroup>
  <ItemGroup>
    <None Include="AA.hlsli">
      <Filter>Shaders\Filtering, post-processing, presentation</Filter>
    </None>
    <None Include="ScenePost.hlsli">
      <Filter>Shaders\Filtering, post-processing, presentation</Filter>
    </None>
    <None Include="Materials.hlsli">
      <Filter>Shaders\Materials &amp; Sampling</Filter>
    </None>
    <None Include="MaterialUtility.hlsli">
      <Filter>Shaders\Materials &amp; Sampling</Filter>
    </None>
    <None Include="MatSynth.hlsli">
      <Filter>Shaders\Materials &amp; Sampling</Filter>
    </None>
    <None Include="MIS.hlsli">
      <Filter>Shaders\Materials &amp; Sampling</Filter>
    </None>
    <None Include="Core3D.hlsli">
      <Filter>Shaders</Filter>
    </None>
    <None Include="FigureBuffer.hlsli">
      <Filter>Shaders</Filter>
    </None>
    <None Include="Fractals.hlsli">
      <Filter>Shaders</Filter>
    </None>
    <None Include="GenericUtility.hlsli">
      <Filter>Shaders</Filter>
    </None>
    <None Include="GeometricUtility.hlsli">
      <Filter>Shaders</Filter>
    </None>
    <None Include="Lighting.hlsli">
      <Filter>Shaders</Filter>
    </None>
    <None Include="LightingUtility.hlsli">
      <Filter>Shaders</Filter>
    </None>
    <None Include="PhiloBuf.hlsli">
      <Filter>Shaders</Filter>
    </None>
    <None Include="RenderUtilityCore.hlsli">
      <Filter>Shaders</Filter>
    </None>
    <None Include="RenderUtility.hlsli">
      <Filter>Shaders</Filter>
    </None>
    <None Include="DispatchScale.hlsli">
      <Filter>Shaders\Dispatch scaling</Filter>
    </None>
    <None Include="TileMapper.hlsli">
      <Filter>Shaders\Render Tiling</Filter>
    </None>
  </ItemGroup>
</Project>