<?xml version="1.0" encoding="utf-8"?>
<Project ToolsVersion="4.0" xmlns="http://schemas.microsoft.com/developer/msbuild/2003">
  <ItemGroup>
    <Filter Include="Source Files">
      <UniqueIdentifier>{4FC737F1-C7A5-4376-A066-2A32D752A2FF}</UniqueIdentifier>
      <Extensions>cpp;c;cc;cxx;def;odl;idl;hpj;bat;asm;asmx</Extensions>
    </Filter>
    <Filter Include="Header Files">
      <UniqueIdentifier>{93995380-89BD-4b04-88EB-625FBE52EBFB}</UniqueIdentifier>
      <Extensions>h;hh;hpp;hxx;hm;inl;inc;xsd</Extensions>
    </Filter>
    <Filter Include="Resource Files">
      <UniqueIdentifier>{67DA6AB6-F800-4c08-8B7A-83BB121AAD01}</UniqueIdentifier>
      <Extensions>rc;ico;cur;bmp;dlg;rc2;rct;bin;rgs;gif;jpg;jpeg;jpe;resx;tiff;tif;png;wav;mfcribbon-ms</Extensions>
    </Filter>
    <Filter Include="Third Party">
      <UniqueIdentifier>{1b5367a1-6d76-407d-9fbd-5df1a2a431e4}</UniqueIdentifier>
    </Filter>
  </ItemGroup>
  <ItemGroup>
    <ClInclude Include="targetver.h">
      <Filter>Header Files</Filter>
    </ClInclude>
    <ClInclude Include="AthruTexture2D.h">
      <Filter>Header Files</Filter>
    </ClInclude>
    <ClInclude Include="Camera.h">
      <Filter>Header Files</Filter>
    </ClInclude>
    <ClInclude Include="Direct3D.h">
      <Filter>Header Files</Filter>
    </ClInclude>
    <ClInclude Include="Mesh.h">
      <Filter>Header Files</Filter>
    </ClInclude>
    <ClInclude Include="PlanarUnwrapper.h">
      <Filter>Header Files</Filter>
    </ClInclude>
    <ClInclude Include="PostVertex.h">
      <Filter>Header Files</Filter>
    </ClInclude>
    <ClInclude Include="SceneVertex.h">
      <Filter>Header Files</Filter>
    </ClInclude>
    <ClInclude Include="PipelineShader.h">
      <Filter>Header Files</Filter>
    </ClInclude>
    <ClInclude Include="ComputeShader.h">
      <Filter>Header Files</Filter>
    </ClInclude>
    <ClInclude Include="GPUServiceCentre.h">
      <Filter>Header Files</Filter>
    </ClInclude>
    <ClInclude Include="SceneFigure.h">
      <Filter>Header Files</Filter>
    </ClInclude>
    <ClInclude Include="GPURand.h">
      <Filter>Header Files</Filter>
    </ClInclude>
    <ClInclude Include="ScreenPainter.h">
      <Filter>Header Files</Filter>
    </ClInclude>
    <ClInclude Include="GPUMessenger.h">
      <Filter>Header Files</Filter>
    </ClInclude>
    <ClInclude Include="GPUUpdateManager.h">
      <Filter>Header Files</Filter>
    </ClInclude>
    <ClInclude Include="UpdateShader.h">
      <Filter>Header Files</Filter>
    </ClInclude>
    <ClInclude Include="PixHistory.h">
      <Filter>Header Files</Filter>
    </ClInclude>
    <ClInclude Include="AthruBuffer.h">
      <Filter>Header Files</Filter>
    </ClInclude>
    <ClInclude Include="Renderer.h">
      <Filter>Header Files</Filter>
    </ClInclude>
    <ClInclude Include="ViewFinder.h">
      <Filter>Header Files</Filter>
    </ClInclude>
    <ClInclude Include="AthruRect.h">
      <Filter>Header Files</Filter>
    </ClInclude>
    <ClInclude Include="FigureRaster.h">
      <Filter>Header Files</Filter>
    </ClInclude>
    <ClInclude Include="PhiloStrm.h">
      <Filter>Header Files</Filter>
    </ClInclude>
    <ClInclude Include="LiPath.h">
      <Filter>Header Files</Filter>
    </ClInclude>
  </ItemGroup>
  <ItemGroup>
    <ClCompile Include="Camera.cpp">
      <Filter>Source Files</Filter>
    </ClCompile>
    <ClCompile Include="Direct3D.cpp">
      <Filter>Source Files</Filter>
    </ClCompile>
    <ClCompile Include="PipelineShader.cpp">
      <Filter>Source Files</Filter>
    </ClCompile>
    <ClCompile Include="ComputeShader.cpp">
      <Filter>Source Files</Filter>
    </ClCompile>
    <ClCompile Include="GPUServiceCentre.cpp">
      <Filter>Source Files</Filter>
    </ClCompile>
    <ClCompile Include="SceneFigure.cpp">
      <Filter>Source Files</Filter>
    </ClCompile>
    <ClCompile Include="GPURand.cpp">
      <Filter>Source Files</Filter>
    </ClCompile>
    <ClCompile Include="ScreenVertex.cpp">
      <Filter>Source Files</Filter>
    </ClCompile>
    <ClCompile Include="ScreenPainter.cpp">
      <Filter>Source Files</Filter>
    </ClCompile>
    <ClCompile Include="GPUMessenger.cpp">
      <Filter>Source Files</Filter>
    </ClCompile>
    <ClCompile Include="GPUUpdateManager.cpp">
      <Filter>Source Files</Filter>
    </ClCompile>
    <ClCompile Include="UpdateShader.cpp">
      <Filter>Source Files</Filter>
    </ClCompile>
    <ClCompile Include="Renderer.cpp">
      <Filter>Source Files</Filter>
    </ClCompile>
    <ClCompile Include="ViewFinder.cpp">
      <Filter>Source Files</Filter>
    </ClCompile>
    <ClCompile Include="FigureRaster.cpp">
      <Filter>Source Files</Filter>
    </ClCompile>
  </ItemGroup>
  <ItemGroup>
    <FxCompile Include="SceneVis.hlsl" />
    <FxCompile Include="PresentationColors.hlsl" />
    <FxCompile Include="PresentationVerts.hlsl" />
    <FxCompile Include="PathReduce.hlsl" />
    <FxCompile Include="PlanetRaster.hlsl" />
  </ItemGroup>
  <ItemGroup>
    <None Include="Lighting.hlsli" />
    <None Include="Core3D.hlsli" />
    <None Include="Fractals.hlsli" />
    <None Include="AA.hlsli" />
    <None Include="LightingUtility.hlsli" />
    <None Include="GenericUtility.hlsli" />
    <None Include="Materials.hlsli" />
    <None Include="RasterCamera.hlsli" />
    <None Include="ScenePost.hlsli" />
    <None Include="MIS.hlsli" />
    <None Include="GeometricUtility.hlsli" />
    <None Include="MaterialUtility.hlsli" />
    <None Include="FigureBuffer.hlsli" />
  </ItemGroup>
</Project>