<?xml version="1.0" encoding="utf-8"?>
<Project ToolsVersion="4.0" xmlns="http://schemas.microsoft.com/developer/msbuild/2003">
  <ItemGroup>
    <Filter Include="Source Files">
      <UniqueIdentifier>{4FC737F1-C7A5-4376-A066-2A32D752A2FF}</UniqueIdentifier>
      <Extensions>cpp;c;cc;cxx;def;odl;idl;hpj;bat;asm;asmx</Extensions>
    </Filter>
    <Filter Include="Header Files">
      <UniqueIdentifier>{93995380-89BD-4b04-88EB-625FBE52EBFB}</UniqueIdentifier>
      <Extensions>h;hh;hpp;hxx;hm;inl;inc;xsd</Extensions>
    </Filter>
    <Filter Include="Resource Files">
      <UniqueIdentifier>{67DA6AB6-F800-4c08-8B7A-83BB121AAD01}</UniqueIdentifier>
      <Extensions>rc;ico;cur;bmp;dlg;rc2;rct;bin;rgs;gif;jpg;jpeg;jpe;resx;tiff;tif;png;wav;mfcribbon-ms</Extensions>
    </Filter>
    <Filter Include="Third Party">
      <UniqueIdentifier>{1b5367a1-6d76-407d-9fbd-5df1a2a431e4}</UniqueIdentifier>
    </Filter>
  </ItemGroup>
  <ItemGroup>
    <ClInclude Include="stdafx.h">
      <Filter>Header Files</Filter>
    </ClInclude>
    <ClInclude Include="targetver.h">
      <Filter>Header Files</Filter>
    </ClInclude>
    <ClInclude Include="AthruTexture2D.h">
      <Filter>Header Files</Filter>
    </ClInclude>
    <ClInclude Include="Boxecule.h">
      <Filter>Header Files</Filter>
    </ClInclude>
    <ClInclude Include="Camera.h">
      <Filter>Header Files</Filter>
    </ClInclude>
    <ClInclude Include="Critter.h">
      <Filter>Header Files</Filter>
    </ClInclude>
    <ClInclude Include="Direct3D.h">
      <Filter>Header Files</Filter>
    </ClInclude>
    <ClInclude Include="Mesh.h">
      <Filter>Header Files</Filter>
    </ClInclude>
    <ClInclude Include="NormalBuilder.h">
      <Filter>Header Files</Filter>
    </ClInclude>
    <ClInclude Include="PlanarUnwrapper.h">
      <Filter>Header Files</Filter>
    </ClInclude>
    <ClInclude Include="PostProcessor.h">
      <Filter>Header Files</Filter>
    </ClInclude>
    <ClInclude Include="Rasterizer.h">
      <Filter>Header Files</Filter>
    </ClInclude>
    <ClInclude Include="RenderManager.h">
      <Filter>Header Files</Filter>
    </ClInclude>
    <ClInclude Include="Shader.h">
      <Filter>Header Files</Filter>
    </ClInclude>
    <ClInclude Include="TextureManager.h">
      <Filter>Header Files</Filter>
    </ClInclude>
    <ClInclude Include="RenderServiceCentre.h">
      <Filter>Header Files</Filter>
    </ClInclude>
    <ClInclude Include="..\..\..\Third Party\DirectXTex\WICTextureLoader\WICTextureLoader.h">
      <Filter>Third Party</Filter>
    </ClInclude>
    <ClInclude Include="AthruTexture3D.h">
      <Filter>Header Files</Filter>
    </ClInclude>
    <ClInclude Include="PostVertex.h">
      <Filter>Header Files</Filter>
    </ClInclude>
    <ClInclude Include="SceneVertex.h">
      <Filter>Header Files</Filter>
    </ClInclude>
    <ClInclude Include="ScreenRect.h">
      <Filter>Header Files</Filter>
    </ClInclude>
  </ItemGroup>
  <ItemGroup>
    <ClCompile Include="stdafx.cpp">
      <Filter>Source Files</Filter>
    </ClCompile>
    <ClCompile Include="Boxecule.cpp">
      <Filter>Source Files</Filter>
    </ClCompile>
    <ClCompile Include="Camera.cpp">
      <Filter>Source Files</Filter>
    </ClCompile>
    <ClCompile Include="Critter.cpp">
      <Filter>Source Files</Filter>
    </ClCompile>
    <ClCompile Include="Direct3D.cpp">
      <Filter>Source Files</Filter>
    </ClCompile>
    <ClCompile Include="Mesh.cpp">
      <Filter>Source Files</Filter>
    </ClCompile>
    <ClCompile Include="PostProcessor.cpp">
      <Filter>Source Files</Filter>
    </ClCompile>
    <ClCompile Include="Rasterizer.cpp">
      <Filter>Source Files</Filter>
    </ClCompile>
    <ClCompile Include="RenderManager.cpp">
      <Filter>Source Files</Filter>
    </ClCompile>
    <ClCompile Include="Shader.cpp">
      <Filter>Source Files</Filter>
    </ClCompile>
    <ClCompile Include="TextureManager.cpp">
      <Filter>Source Files</Filter>
    </ClCompile>
    <ClCompile Include="RenderServiceCentre.cpp">
      <Filter>Source Files</Filter>
    </ClCompile>
    <ClCompile Include="..\..\..\Third Party\DirectXTex\WICTextureLoader\WICTextureLoader.cpp">
      <Filter>Third Party</Filter>
    </ClCompile>
    <ClCompile Include="PostVertex.cpp">
      <Filter>Source Files</Filter>
    </ClCompile>
    <ClCompile Include="SceneVertex.cpp">
      <Filter>Source Files</Filter>
    </ClCompile>
    <ClCompile Include="ScreenRect.cpp">
      <Filter>Source Files</Filter>
    </ClCompile>
  </ItemGroup>
  <ItemGroup>
    <FxCompile Include="Colorizer.hlsl" />
    <FxCompile Include="PostColorizer.hlsl" />
    <FxCompile Include="PostVertPlotter.hlsl" />
    <FxCompile Include="VertPlotter.hlsl" />
    <FxCompile Include="PlanetarySceneBuilder.hlsl" />
    <FxCompile Include="PracticeSceneBuilder.hlsl" />
  </ItemGroup>
</Project>